
Microsoft Visual Studio Solution File, Format Version 12.00
# Visual Studio Version 17
VisualStudioVersion = 17.4.33403.182
MinimumVisualStudioVersion = 10.0.40219.1
Project("{FAE04EC0-301F-11D3-BF4B-00C04F79EFBC}") = "JogoDaVelha", "JogoDaVelha\JogoDaVelha.csproj", "{B5D36C52-A31C-41FF-9EFE-60930FF89EF1}"
EndProject
Global
	GlobalSection(SolutionConfigurationPlatforms) = preSolution
		Debug|Any CPU = Debug|Any CPU
		Release|Any CPU = Release|Any CPU
	EndGlobalSection
	GlobalSection(ProjectConfigurationPlatforms) = postSolution
		{B5D36C52-A31C-41FF-9EFE-60930FF89EF1}.Debug|Any CPU.ActiveCfg = Debug|Any CPU
		{B5D36C52-A31C-41FF-9EFE-60930FF89EF1}.Debug|Any CPU.Build.0 = Debug|Any CPU
		{B5D36C52-A31C-41FF-9EFE-60930FF89EF1}.Release|Any CPU.ActiveCfg = Release|Any CPU
		{B5D36C52-A31C-41FF-9EFE-60930FF89EF1}.Release|Any CPU.Build.0 = Release|Any CPU
	EndGlobalSection
	GlobalSection(SolutionProperties) = preSolution
		HideSolutionNode = FALSE
	EndGlobalSection
	GlobalSection(ExtensibilityGlobals) = postSolution
		SolutionGuid = {E10134AA-40B3-4489-9039-70BBC0A45351}
	EndGlobalSection
EndGlobal
